
Microsoft Visual Studio Solution File, Format Version 12.00
# Visual Studio Version 16
VisualStudioVersion = 16.0.31205.134
MinimumVisualStudioVersion = 10.0.40219.1
Project("{FAE04EC0-301F-11D3-BF4B-00C04F79EFBC}") = "DpapiCrypto", "src\DpapiCrypto.csproj", "{3037679A-1FBE-4005-AF05-9552E2A44EE7}"
EndProject
Global
	GlobalSection(SolutionConfigurationPlatforms) = preSolution
		Debug|Any CPU = Debug|Any CPU
		Release|Any CPU = Release|Any CPU
	EndGlobalSection
	GlobalSection(ProjectConfigurationPlatforms) = postSolution
		{3037679A-1FBE-4005-AF05-9552E2A44EE7}.Debug|Any CPU.ActiveCfg = Debug|Any CPU
		{3037679A-1FBE-4005-AF05-9552E2A44EE7}.Debug|Any CPU.Build.0 = Debug|Any CPU
		{3037679A-1FBE-4005-AF05-9552E2A44EE7}.Release|Any CPU.ActiveCfg = Release|Any CPU
		{3037679A-1FBE-4005-AF05-9552E2A44EE7}.Release|Any CPU.Build.0 = Release|Any CPU
	EndGlobalSection
	GlobalSection(SolutionProperties) = preSolution
		HideSolutionNode = FALSE
	EndGlobalSection
	GlobalSection(ExtensibilityGlobals) = postSolution
		SolutionGuid = {B0A46BAF-0C78-4521-B15F-170D915B8337}
	EndGlobalSection
EndGlobal
